// !$*UTF8*$!
{
	archiveVersion = 1;
	classes = {
	};
	objectVersion = 55;
	objects = {

/* Begin PBXBuildFile section */
		3F63D39427D74BB8003F301F /* AppDelegate.swift in Sources */ = {isa = PBXBuildFile; fileRef = 3F63D39327D74BB8003F301F /* AppDelegate.swift */; };
		3F63D39627D74BB8003F301F /* SceneDelegate.swift in Sources */ = {isa = PBXBuildFile; fileRef = 3F63D39527D74BB8003F301F /* SceneDelegate.swift */; };
		3F63D39827D74BB8003F301F /* ViewController.swift in Sources */ = {isa = PBXBuildFile; fileRef = 3F63D39727D74BB8003F301F /* ViewController.swift */; };
		3F63D39B27D74BB8003F301F /* Main.storyboard in Resources */ = {isa = PBXBuildFile; fileRef = 3F63D39927D74BB8003F301F /* Main.storyboard */; };
		3F63D39D27D74BB9003F301F /* Assets.xcassets in Resources */ = {isa = PBXBuildFile; fileRef = 3F63D39C27D74BB9003F301F /* Assets.xcassets */; };
		3F63D3A027D74BB9003F301F /* LaunchScreen.storyboard in Resources */ = {isa = PBXBuildFile; fileRef = 3F63D39E27D74BB9003F301F /* LaunchScreen.storyboard */; };
		3F63D3A927D74BF5003F301F /* DataService.swift in Sources */ = {isa = PBXBuildFile; fileRef = 3F63D3A727D74BF5003F301F /* DataService.swift */; };
		3F63D3AA27D74BF5003F301F /* Endpoints.swift in Sources */ = {isa = PBXBuildFile; fileRef = 3F63D3A827D74BF5003F301F /* Endpoints.swift */; };
		3F63D3AD27D74C18003F301F /* FeedCollectionCell.xib in Resources */ = {isa = PBXBuildFile; fileRef = 3F63D3AB27D74C18003F301F /* FeedCollectionCell.xib */; };
		3F63D3AE27D74C18003F301F /* FeedCollectionCell.swift in Sources */ = {isa = PBXBuildFile; fileRef = 3F63D3AC27D74C18003F301F /* FeedCollectionCell.swift */; };
		3F63D3B127D74C44003F301F /* MainMovieFeedTableViewCell.xib in Resources */ = {isa = PBXBuildFile; fileRef = 3F63D3AF27D74C44003F301F /* MainMovieFeedTableViewCell.xib */; };
		3F63D3B227D74C44003F301F /* MainMovieFeedTableViewCell.swift in Sources */ = {isa = PBXBuildFile; fileRef = 3F63D3B027D74C44003F301F /* MainMovieFeedTableViewCell.swift */; };
		3F63D3B527D74C58003F301F /* ImageViewExtension.swift in Sources */ = {isa = PBXBuildFile; fileRef = 3F63D3B327D74C58003F301F /* ImageViewExtension.swift */; };
		3F63D3B627D74C58003F301F /* UrlSessionExtension.swift in Sources */ = {isa = PBXBuildFile; fileRef = 3F63D3B427D74C58003F301F /* UrlSessionExtension.swift */; };
		3F63D3BA27D74C6C003F301F /* MovieModel.swift in Sources */ = {isa = PBXBuildFile; fileRef = 3F63D3B727D74C6C003F301F /* MovieModel.swift */; };
		3F63D3BB27D74C6C003F301F /* UpcomingModel.swift in Sources */ = {isa = PBXBuildFile; fileRef = 3F63D3B827D74C6C003F301F /* UpcomingModel.swift */; };
		3F63D3BC27D74C6C003F301F /* TopRatedModel.swift in Sources */ = {isa = PBXBuildFile; fileRef = 3F63D3B927D74C6C003F301F /* TopRatedModel.swift */; };
		3F63D3BE27D74C9B003F301F /* MainTabBarController.swift in Sources */ = {isa = PBXBuildFile; fileRef = 3F63D3BD27D74C9B003F301F /* MainTabBarController.swift */; };
		3F63D3C127D74CD7003F301F /* Kingfisher in Frameworks */ = {isa = PBXBuildFile; productRef = 3F63D3C027D74CD7003F301F /* Kingfisher */; };
		3F63D3CB27D794BC003F301F /* MovieDetailViewController.swift in Sources */ = {isa = PBXBuildFile; fileRef = 3F63D3CA27D794BC003F301F /* MovieDetailViewController.swift */; };
		3F63D3CE27D7962F003F301F /* DetailTableViewCell.swift in Sources */ = {isa = PBXBuildFile; fileRef = 3F63D3CC27D7962F003F301F /* DetailTableViewCell.swift */; };
		3F63D3CF27D7962F003F301F /* DetailTableViewCell.xib in Resources */ = {isa = PBXBuildFile; fileRef = 3F63D3CD27D7962F003F301F /* DetailTableViewCell.xib */; };
		3F6B5F3C27F444B8005EE7E7 /* ArrayExtension.swift in Sources */ = {isa = PBXBuildFile; fileRef = 3F6B5F3B27F444B8005EE7E7 /* ArrayExtension.swift */; };
		3F9C353027E9C6B2001C0110 /* UILabelExtension.swift in Sources */ = {isa = PBXBuildFile; fileRef = 3F9C352F27E9C6B2001C0110 /* UILabelExtension.swift */; };
		3F9C353227EDCD58001C0110 /* SearchDetailViewController.swift in Sources */ = {isa = PBXBuildFile; fileRef = 3F9C353127EDCD57001C0110 /* SearchDetailViewController.swift */; };
		3F9C353427EEF2DA001C0110 /* CustomUIButton.swift in Sources */ = {isa = PBXBuildFile; fileRef = 3F9C353327EEF2DA001C0110 /* CustomUIButton.swift */; };
		3F9C353627F2FD72001C0110 /* MyWatchlistController.swift in Sources */ = {isa = PBXBuildFile; fileRef = 3F9C353527F2FD72001C0110 /* MyWatchlistController.swift */; };
		3F9D8CC727E877B6005C498B /* DiscoverViewController.swift in Sources */ = {isa = PBXBuildFile; fileRef = 3F9D8CC627E877B6005C498B /* DiscoverViewController.swift */; };
		3F9D8CCB27E8AC97005C498B /* SearchViewCell.swift in Sources */ = {isa = PBXBuildFile; fileRef = 3F9D8CC927E8AC97005C498B /* SearchViewCell.swift */; };
		3F9D8CCC27E8AC97005C498B /* SearchViewCell.xib in Resources */ = {isa = PBXBuildFile; fileRef = 3F9D8CCA27E8AC97005C498B /* SearchViewCell.xib */; };
/* End PBXBuildFile section */

/* Begin PBXFileReference section */
		3F63D39027D74BB8003F301F /* WhatToWatch.app */ = {isa = PBXFileReference; explicitFileType = wrapper.application; includeInIndex = 0; path = WhatToWatch.app; sourceTree = BUILT_PRODUCTS_DIR; };
		3F63D39327D74BB8003F301F /* AppDelegate.swift */ = {isa = PBXFileReference; lastKnownFileType = sourcecode.swift; path = AppDelegate.swift; sourceTree = "<group>"; };
		3F63D39527D74BB8003F301F /* SceneDelegate.swift */ = {isa = PBXFileReference; lastKnownFileType = sourcecode.swift; path = SceneDelegate.swift; sourceTree = "<group>"; };
		3F63D39727D74BB8003F301F /* ViewController.swift */ = {isa = PBXFileReference; lastKnownFileType = sourcecode.swift; path = ViewController.swift; sourceTree = "<group>"; };
		3F63D39A27D74BB8003F301F /* Base */ = {isa = PBXFileReference; lastKnownFileType = file.storyboard; name = Base; path = Base.lproj/Main.storyboard; sourceTree = "<group>"; };
		3F63D39C27D74BB9003F301F /* Assets.xcassets */ = {isa = PBXFileReference; lastKnownFileType = folder.assetcatalog; path = Assets.xcassets; sourceTree = "<group>"; };
		3F63D39F27D74BB9003F301F /* Base */ = {isa = PBXFileReference; lastKnownFileType = file.storyboard; name = Base; path = Base.lproj/LaunchScreen.storyboard; sourceTree = "<group>"; };
		3F63D3A127D74BB9003F301F /* Info.plist */ = {isa = PBXFileReference; lastKnownFileType = text.plist.xml; path = Info.plist; sourceTree = "<group>"; };
		3F63D3A727D74BF5003F301F /* DataService.swift */ = {isa = PBXFileReference; fileEncoding = 4; lastKnownFileType = sourcecode.swift; path = DataService.swift; sourceTree = "<group>"; };
		3F63D3A827D74BF5003F301F /* Endpoints.swift */ = {isa = PBXFileReference; fileEncoding = 4; lastKnownFileType = sourcecode.swift; path = Endpoints.swift; sourceTree = "<group>"; };
		3F63D3AB27D74C18003F301F /* FeedCollectionCell.xib */ = {isa = PBXFileReference; fileEncoding = 4; lastKnownFileType = file.xib; path = FeedCollectionCell.xib; sourceTree = "<group>"; };
		3F63D3AC27D74C18003F301F /* FeedCollectionCell.swift */ = {isa = PBXFileReference; fileEncoding = 4; lastKnownFileType = sourcecode.swift; path = FeedCollectionCell.swift; sourceTree = "<group>"; };
		3F63D3AF27D74C44003F301F /* MainMovieFeedTableViewCell.xib */ = {isa = PBXFileReference; fileEncoding = 4; lastKnownFileType = file.xib; path = MainMovieFeedTableViewCell.xib; sourceTree = "<group>"; };
		3F63D3B027D74C44003F301F /* MainMovieFeedTableViewCell.swift */ = {isa = PBXFileReference; fileEncoding = 4; lastKnownFileType = sourcecode.swift; path = MainMovieFeedTableViewCell.swift; sourceTree = "<group>"; };
		3F63D3B327D74C58003F301F /* ImageViewExtension.swift */ = {isa = PBXFileReference; fileEncoding = 4; lastKnownFileType = sourcecode.swift; path = ImageViewExtension.swift; sourceTree = "<group>"; };
		3F63D3B427D74C58003F301F /* UrlSessionExtension.swift */ = {isa = PBXFileReference; fileEncoding = 4; lastKnownFileType = sourcecode.swift; path = UrlSessionExtension.swift; sourceTree = "<group>"; };
		3F63D3B727D74C6C003F301F /* MovieModel.swift */ = {isa = PBXFileReference; fileEncoding = 4; lastKnownFileType = sourcecode.swift; path = MovieModel.swift; sourceTree = "<group>"; };
		3F63D3B827D74C6C003F301F /* UpcomingModel.swift */ = {isa = PBXFileReference; fileEncoding = 4; lastKnownFileType = sourcecode.swift; path = UpcomingModel.swift; sourceTree = "<group>"; };
		3F63D3B927D74C6C003F301F /* TopRatedModel.swift */ = {isa = PBXFileReference; fileEncoding = 4; lastKnownFileType = sourcecode.swift; path = TopRatedModel.swift; sourceTree = "<group>"; };
		3F63D3BD27D74C9B003F301F /* MainTabBarController.swift */ = {isa = PBXFileReference; fileEncoding = 4; lastKnownFileType = sourcecode.swift; path = MainTabBarController.swift; sourceTree = "<group>"; };
		3F63D3CA27D794BC003F301F /* MovieDetailViewController.swift */ = {isa = PBXFileReference; lastKnownFileType = sourcecode.swift; path = MovieDetailViewController.swift; sourceTree = "<group>"; };
		3F63D3CC27D7962F003F301F /* DetailTableViewCell.swift */ = {isa = PBXFileReference; lastKnownFileType = sourcecode.swift; path = DetailTableViewCell.swift; sourceTree = "<group>"; };
		3F63D3CD27D7962F003F301F /* DetailTableViewCell.xib */ = {isa = PBXFileReference; lastKnownFileType = file.xib; path = DetailTableViewCell.xib; sourceTree = "<group>"; };
		3F6B5F3B27F444B8005EE7E7 /* ArrayExtension.swift */ = {isa = PBXFileReference; lastKnownFileType = sourcecode.swift; path = ArrayExtension.swift; sourceTree = "<group>"; };
		3F9C352F27E9C6B2001C0110 /* UILabelExtension.swift */ = {isa = PBXFileReference; lastKnownFileType = sourcecode.swift; path = UILabelExtension.swift; sourceTree = "<group>"; };
		3F9C353127EDCD57001C0110 /* SearchDetailViewController.swift */ = {isa = PBXFileReference; lastKnownFileType = sourcecode.swift; path = SearchDetailViewController.swift; sourceTree = "<group>"; };
		3F9C353327EEF2DA001C0110 /* CustomUIButton.swift */ = {isa = PBXFileReference; lastKnownFileType = sourcecode.swift; path = CustomUIButton.swift; sourceTree = "<group>"; };
		3F9C353527F2FD72001C0110 /* MyWatchlistController.swift */ = {isa = PBXFileReference; lastKnownFileType = sourcecode.swift; path = MyWatchlistController.swift; sourceTree = "<group>"; };
		3F9D8CC627E877B6005C498B /* DiscoverViewController.swift */ = {isa = PBXFileReference; lastKnownFileType = sourcecode.swift; path = DiscoverViewController.swift; sourceTree = "<group>"; };
		3F9D8CC927E8AC97005C498B /* SearchViewCell.swift */ = {isa = PBXFileReference; lastKnownFileType = sourcecode.swift; path = SearchViewCell.swift; sourceTree = "<group>"; };
		3F9D8CCA27E8AC97005C498B /* SearchViewCell.xib */ = {isa = PBXFileReference; lastKnownFileType = file.xib; path = SearchViewCell.xib; sourceTree = "<group>"; };
/* End PBXFileReference section */

/* Begin PBXFrameworksBuildPhase section */
		3F63D38D27D74BB8003F301F /* Frameworks */ = {
			isa = PBXFrameworksBuildPhase;
			buildActionMask = 2147483647;
			files = (
				3F63D3C127D74CD7003F301F /* Kingfisher in Frameworks */,
			);
			runOnlyForDeploymentPostprocessing = 0;
		};
/* End PBXFrameworksBuildPhase section */

/* Begin PBXGroup section */
		3F63D38727D74BB8003F301F = {
			isa = PBXGroup;
			children = (
				3F63D39227D74BB8003F301F /* WhatToWatch */,
				3F63D3C627D74DDA003F301F /* API */,
				3F63D3C527D74DC5003F301F /* Views */,
				3F63D3C427D74DB1003F301F /* Models */,
				3F63D3C327D74DA5003F301F /* Controllers */,
				3F63D3C227D74D99003F301F /* Extensions */,
				3F9C352F27E9C6B2001C0110 /* UILabelExtension.swift */,
				3F6B5F3B27F444B8005EE7E7 /* ArrayExtension.swift */,
				3F9C353327EEF2DA001C0110 /* CustomUIButton.swift */,
				3F63D3B327D74C58003F301F /* ImageViewExtension.swift */,
				3F63D3B427D74C58003F301F /* UrlSessionExtension.swift */,
				3F63D39127D74BB8003F301F /* Products */,
			);
			sourceTree = "<group>";
		};
		3F63D39127D74BB8003F301F /* Products */ = {
			isa = PBXGroup;
			children = (
				3F63D39027D74BB8003F301F /* WhatToWatch.app */,
			);
			name = Products;
			sourceTree = "<group>";
		};
		3F63D39227D74BB8003F301F /* WhatToWatch */ = {
			isa = PBXGroup;
			children = (
				3F63D39327D74BB8003F301F /* AppDelegate.swift */,
				3F63D39527D74BB8003F301F /* SceneDelegate.swift */,
				3F63D39727D74BB8003F301F /* ViewController.swift */,
				3F63D39927D74BB8003F301F /* Main.storyboard */,
				3F63D39C27D74BB9003F301F /* Assets.xcassets */,
				3F63D39E27D74BB9003F301F /* LaunchScreen.storyboard */,
				3F63D3A127D74BB9003F301F /* Info.plist */,
			);
			path = WhatToWatch;
			sourceTree = "<group>";
		};
		3F63D3C227D74D99003F301F /* Extensions */ = {
			isa = PBXGroup;
			children = (
			);
			path = Extensions;
			sourceTree = "<group>";
		};
		3F63D3C327D74DA5003F301F /* Controllers */ = {
			isa = PBXGroup;
			children = (
				3F63D3BD27D74C9B003F301F /* MainTabBarController.swift */,
				3F63D3CA27D794BC003F301F /* MovieDetailViewController.swift */,
				3F9D8CC627E877B6005C498B /* DiscoverViewController.swift */,
				3F9C353127EDCD57001C0110 /* SearchDetailViewController.swift */,
				3F9C353527F2FD72001C0110 /* MyWatchlistController.swift */,
			);
			path = Controllers;
			sourceTree = "<group>";
		};
		3F63D3C427D74DB1003F301F /* Models */ = {
			isa = PBXGroup;
			children = (
				3F63D3B727D74C6C003F301F /* MovieModel.swift */,
				3F63D3B927D74C6C003F301F /* TopRatedModel.swift */,
				3F63D3B827D74C6C003F301F /* UpcomingModel.swift */,
			);
			path = Models;
			sourceTree = "<group>";
		};
		3F63D3C527D74DC5003F301F /* Views */ = {
			isa = PBXGroup;
			children = (
				3F9D8CC827E8AC7C005C498B /* SearchView */,
				3F63D3C927D79317003F301F /* DetailView */,
				3F63D3C827D74E07003F301F /* FeedTableViewCell */,
				3F63D3C727D74DF6003F301F /* FeedCollectionCell */,
			);
			path = Views;
			sourceTree = "<group>";
		};
		3F63D3C627D74DDA003F301F /* API */ = {
			isa = PBXGroup;
			children = (
				3F63D3A727D74BF5003F301F /* DataService.swift */,
				3F63D3A827D74BF5003F301F /* Endpoints.swift */,
			);
			path = API;
			sourceTree = "<group>";
		};
		3F63D3C727D74DF6003F301F /* FeedCollectionCell */ = {
			isa = PBXGroup;
			children = (
				3F63D3AC27D74C18003F301F /* FeedCollectionCell.swift */,
				3F63D3AB27D74C18003F301F /* FeedCollectionCell.xib */,
			);
			path = FeedCollectionCell;
			sourceTree = "<group>";
		};
		3F63D3C827D74E07003F301F /* FeedTableViewCell */ = {
			isa = PBXGroup;
			children = (
				3F63D3B027D74C44003F301F /* MainMovieFeedTableViewCell.swift */,
				3F63D3AF27D74C44003F301F /* MainMovieFeedTableViewCell.xib */,
			);
			path = FeedTableViewCell;
			sourceTree = "<group>";
		};
		3F63D3C927D79317003F301F /* DetailView */ = {
			isa = PBXGroup;
			children = (
				3F63D3CC27D7962F003F301F /* DetailTableViewCell.swift */,
				3F63D3CD27D7962F003F301F /* DetailTableViewCell.xib */,
			);
			path = DetailView;
			sourceTree = "<group>";
		};
		3F9D8CC827E8AC7C005C498B /* SearchView */ = {
			isa = PBXGroup;
			children = (
				3F9D8CC927E8AC97005C498B /* SearchViewCell.swift */,
				3F9D8CCA27E8AC97005C498B /* SearchViewCell.xib */,
			);
			path = SearchView;
			sourceTree = "<group>";
		};
/* End PBXGroup section */

/* Begin PBXNativeTarget section */
		3F63D38F27D74BB8003F301F /* WhatToWatch */ = {
			isa = PBXNativeTarget;
			buildConfigurationList = 3F63D3A427D74BB9003F301F /* Build configuration list for PBXNativeTarget "WhatToWatch" */;
			buildPhases = (
				3F63D38C27D74BB8003F301F /* Sources */,
				3F63D38D27D74BB8003F301F /* Frameworks */,
				3F63D38E27D74BB8003F301F /* Resources */,
			);
			buildRules = (
			);
			dependencies = (
			);
			name = WhatToWatch;
			packageProductDependencies = (
				3F63D3C027D74CD7003F301F /* Kingfisher */,
			);
			productName = WhatToWatch;
			productReference = 3F63D39027D74BB8003F301F /* WhatToWatch.app */;
			productType = "com.apple.product-type.application";
		};
/* End PBXNativeTarget section */

/* Begin PBXProject section */
		3F63D38827D74BB8003F301F /* Project object */ = {
			isa = PBXProject;
			attributes = {
				BuildIndependentTargetsInParallel = 1;
				LastSwiftUpdateCheck = 1300;
				LastUpgradeCheck = 1300;
				TargetAttributes = {
					3F63D38F27D74BB8003F301F = {
						CreatedOnToolsVersion = 13.0;
					};
				};
			};
			buildConfigurationList = 3F63D38B27D74BB8003F301F /* Build configuration list for PBXProject "WhatToWatch" */;
			compatibilityVersion = "Xcode 13.0";
			developmentRegion = en;
			hasScannedForEncodings = 0;
			knownRegions = (
				en,
				Base,
			);
			mainGroup = 3F63D38727D74BB8003F301F;
			packageReferences = (
				3F63D3BF27D74CD7003F301F /* XCRemoteSwiftPackageReference "Kingfisher" */,
			);
			productRefGroup = 3F63D39127D74BB8003F301F /* Products */;
			projectDirPath = "";
			projectRoot = "";
			targets = (
				3F63D38F27D74BB8003F301F /* WhatToWatch */,
			);
		};
/* End PBXProject section */

/* Begin PBXResourcesBuildPhase section */
		3F63D38E27D74BB8003F301F /* Resources */ = {
			isa = PBXResourcesBuildPhase;
			buildActionMask = 2147483647;
			files = (
				3F63D3A027D74BB9003F301F /* LaunchScreen.storyboard in Resources */,
				3F9D8CCC27E8AC97005C498B /* SearchViewCell.xib in Resources */,
				3F63D39D27D74BB9003F301F /* Assets.xcassets in Resources */,
				3F63D39B27D74BB8003F301F /* Main.storyboard in Resources */,
				3F63D3AD27D74C18003F301F /* FeedCollectionCell.xib in Resources */,
				3F63D3CF27D7962F003F301F /* DetailTableViewCell.xib in Resources */,
				3F63D3B127D74C44003F301F /* MainMovieFeedTableViewCell.xib in Resources */,
			);
			runOnlyForDeploymentPostprocessing = 0;
		};
/* End PBXResourcesBuildPhase section */

/* Begin PBXSourcesBuildPhase section */
		3F63D38C27D74BB8003F301F /* Sources */ = {
			isa = PBXSourcesBuildPhase;
			buildActionMask = 2147483647;
			files = (
				3F63D39827D74BB8003F301F /* ViewController.swift in Sources */,
				3F9C353427EEF2DA001C0110 /* CustomUIButton.swift in Sources */,
				3F63D39427D74BB8003F301F /* AppDelegate.swift in Sources */,
				3F63D3BA27D74C6C003F301F /* MovieModel.swift in Sources */,
				3F63D3CE27D7962F003F301F /* DetailTableViewCell.swift in Sources */,
				3F63D3BB27D74C6C003F301F /* UpcomingModel.swift in Sources */,
				3F9D8CC727E877B6005C498B /* DiscoverViewController.swift in Sources */,
				3F9D8CCB27E8AC97005C498B /* SearchViewCell.swift in Sources */,
				3F63D39627D74BB8003F301F /* SceneDelegate.swift in Sources */,
				3F63D3AE27D74C18003F301F /* FeedCollectionCell.swift in Sources */,
				3F63D3BC27D74C6C003F301F /* TopRatedModel.swift in Sources */,
				3F63D3BE27D74C9B003F301F /* MainTabBarController.swift in Sources */,
				3F63D3A927D74BF5003F301F /* DataService.swift in Sources */,
				3F63D3AA27D74BF5003F301F /* Endpoints.swift in Sources */,
				3F9C353227EDCD58001C0110 /* SearchDetailViewController.swift in Sources */,
				3F63D3B527D74C58003F301F /* ImageViewExtension.swift in Sources */,
				3F63D3B227D74C44003F301F /* MainMovieFeedTableViewCell.swift in Sources */,
				3F63D3B627D74C58003F301F /* UrlSessionExtension.swift in Sources */,
				3F9C353627F2FD72001C0110 /* MyWatchlistController.swift in Sources */,
				3F9C353027E9C6B2001C0110 /* UILabelExtension.swift in Sources */,
				3F63D3CB27D794BC003F301F /* MovieDetailViewController.swift in Sources */,
				3F6B5F3C27F444B8005EE7E7 /* ArrayExtension.swift in Sources */,
			);
			runOnlyForDeploymentPostprocessing = 0;
		};
/* End PBXSourcesBuildPhase section */

/* Begin PBXVariantGroup section */
		3F63D39927D74BB8003F301F /* Main.storyboard */ = {
			isa = PBXVariantGroup;
			children = (
				3F63D39A27D74BB8003F301F /* Base */,
			);
			name = Main.storyboard;
			sourceTree = "<group>";
		};
		3F63D39E27D74BB9003F301F /* LaunchScreen.storyboard */ = {
			isa = PBXVariantGroup;
			children = (
				3F63D39F27D74BB9003F301F /* Base */,
			);
			name = LaunchScreen.storyboard;
			sourceTree = "<group>";
		};
/* End PBXVariantGroup section */

/* Begin XCBuildConfiguration section */
		3F63D3A227D74BB9003F301F /* Debug */ = {
			isa = XCBuildConfiguration;
			buildSettings = {
				ALWAYS_SEARCH_USER_PATHS = NO;
				CLANG_ANALYZER_NONNULL = YES;
				CLANG_ANALYZER_NUMBER_OBJECT_CONVERSION = YES_AGGRESSIVE;
				CLANG_CXX_LANGUAGE_STANDARD = "gnu++17";
				CLANG_CXX_LIBRARY = "libc++";
				CLANG_ENABLE_MODULES = YES;
				CLANG_ENABLE_OBJC_ARC = YES;
				CLANG_ENABLE_OBJC_WEAK = YES;
				CLANG_WARN_BLOCK_CAPTURE_AUTORELEASING = YES;
				CLANG_WARN_BOOL_CONVERSION = YES;
				CLANG_WARN_COMMA = YES;
				CLANG_WARN_CONSTANT_CONVERSION = YES;
				CLANG_WARN_DEPRECATED_OBJC_IMPLEMENTATIONS = YES;
				CLANG_WARN_DIRECT_OBJC_ISA_USAGE = YES_ERROR;
				CLANG_WARN_DOCUMENTATION_COMMENTS = YES;
				CLANG_WARN_EMPTY_BODY = YES;
				CLANG_WARN_ENUM_CONVERSION = YES;
				CLANG_WARN_INFINITE_RECURSION = YES;
				CLANG_WARN_INT_CONVERSION = YES;
				CLANG_WARN_NON_LITERAL_NULL_CONVERSION = YES;
				CLANG_WARN_OBJC_IMPLICIT_RETAIN_SELF = YES;
				CLANG_WARN_OBJC_LITERAL_CONVERSION = YES;
				CLANG_WARN_OBJC_ROOT_CLASS = YES_ERROR;
				CLANG_WARN_QUOTED_INCLUDE_IN_FRAMEWORK_HEADER = YES;
				CLANG_WARN_RANGE_LOOP_ANALYSIS = YES;
				CLANG_WARN_STRICT_PROTOTYPES = YES;
				CLANG_WARN_SUSPICIOUS_MOVE = YES;
				CLANG_WARN_UNGUARDED_AVAILABILITY = YES_AGGRESSIVE;
				CLANG_WARN_UNREACHABLE_CODE = YES;
				CLANG_WARN__DUPLICATE_METHOD_MATCH = YES;
				COPY_PHASE_STRIP = NO;
				DEBUG_INFORMATION_FORMAT = dwarf;
				ENABLE_STRICT_OBJC_MSGSEND = YES;
				ENABLE_TESTABILITY = YES;
				GCC_C_LANGUAGE_STANDARD = gnu11;
				GCC_DYNAMIC_NO_PIC = NO;
				GCC_NO_COMMON_BLOCKS = YES;
				GCC_OPTIMIZATION_LEVEL = 0;
				GCC_PREPROCESSOR_DEFINITIONS = (
					"DEBUG=1",
					"$(inherited)",
				);
				GCC_WARN_64_TO_32_BIT_CONVERSION = YES;
				GCC_WARN_ABOUT_RETURN_TYPE = YES_ERROR;
				GCC_WARN_UNDECLARED_SELECTOR = YES;
				GCC_WARN_UNINITIALIZED_AUTOS = YES_AGGRESSIVE;
				GCC_WARN_UNUSED_FUNCTION = YES;
				GCC_WARN_UNUSED_VARIABLE = YES;
				IPHONEOS_DEPLOYMENT_TARGET = 15.0;
				MTL_ENABLE_DEBUG_INFO = INCLUDE_SOURCE;
				MTL_FAST_MATH = YES;
				ONLY_ACTIVE_ARCH = YES;
				SDKROOT = iphoneos;
				SWIFT_ACTIVE_COMPILATION_CONDITIONS = DEBUG;
				SWIFT_OPTIMIZATION_LEVEL = "-Onone";
			};
			name = Debug;
		};
		3F63D3A327D74BB9003F301F /* Release */ = {
			isa = XCBuildConfiguration;
			buildSettings = {
				ALWAYS_SEARCH_USER_PATHS = NO;
				CLANG_ANALYZER_NONNULL = YES;
				CLANG_ANALYZER_NUMBER_OBJECT_CONVERSION = YES_AGGRESSIVE;
				CLANG_CXX_LANGUAGE_STANDARD = "gnu++17";
				CLANG_CXX_LIBRARY = "libc++";
				CLANG_ENABLE_MODULES = YES;
				CLANG_ENABLE_OBJC_ARC = YES;
				CLANG_ENABLE_OBJC_WEAK = YES;
				CLANG_WARN_BLOCK_CAPTURE_AUTORELEASING = YES;
				CLANG_WARN_BOOL_CONVERSION = YES;
				CLANG_WARN_COMMA = YES;
				CLANG_WARN_CONSTANT_CONVERSION = YES;
				CLANG_WARN_DEPRECATED_OBJC_IMPLEMENTATIONS = YES;
				CLANG_WARN_DIRECT_OBJC_ISA_USAGE = YES_ERROR;
				CLANG_WARN_DOCUMENTATION_COMMENTS = YES;
				CLANG_WARN_EMPTY_BODY = YES;
				CLANG_WARN_ENUM_CONVERSION = YES;
				CLANG_WARN_INFINITE_RECURSION = YES;
				CLANG_WARN_INT_CONVERSION = YES;
				CLANG_WARN_NON_LITERAL_NULL_CONVERSION = YES;
				CLANG_WARN_OBJC_IMPLICIT_RETAIN_SELF = YES;
				CLANG_WARN_OBJC_LITERAL_CONVERSION = YES;
				CLANG_WARN_OBJC_ROOT_CLASS = YES_ERROR;
				CLANG_WARN_QUOTED_INCLUDE_IN_FRAMEWORK_HEADER = YES;
				CLANG_WARN_RANGE_LOOP_ANALYSIS = YES;
				CLANG_WARN_STRICT_PROTOTYPES = YES;
				CLANG_WARN_SUSPICIOUS_MOVE = YES;
				CLANG_WARN_UNGUARDED_AVAILABILITY = YES_AGGRESSIVE;
				CLANG_WARN_UNREACHABLE_CODE = YES;
				CLANG_WARN__DUPLICATE_METHOD_MATCH = YES;
				COPY_PHASE_STRIP = NO;
				DEBUG_INFORMATION_FORMAT = "dwarf-with-dsym";
				ENABLE_NS_ASSERTIONS = NO;
				ENABLE_STRICT_OBJC_MSGSEND = YES;
				GCC_C_LANGUAGE_STANDARD = gnu11;
				GCC_NO_COMMON_BLOCKS = YES;
				GCC_WARN_64_TO_32_BIT_CONVERSION = YES;
				GCC_WARN_ABOUT_RETURN_TYPE = YES_ERROR;
				GCC_WARN_UNDECLARED_SELECTOR = YES;
				GCC_WARN_UNINITIALIZED_AUTOS = YES_AGGRESSIVE;
				GCC_WARN_UNUSED_FUNCTION = YES;
				GCC_WARN_UNUSED_VARIABLE = YES;
				IPHONEOS_DEPLOYMENT_TARGET = 15.0;
				MTL_ENABLE_DEBUG_INFO = NO;
				MTL_FAST_MATH = YES;
				SDKROOT = iphoneos;
				SWIFT_COMPILATION_MODE = wholemodule;
				SWIFT_OPTIMIZATION_LEVEL = "-O";
				VALIDATE_PRODUCT = YES;
			};
			name = Release;
		};
		3F63D3A527D74BB9003F301F /* Debug */ = {
			isa = XCBuildConfiguration;
			buildSettings = {
				ASSETCATALOG_COMPILER_APPICON_NAME = AppIcon;
				ASSETCATALOG_COMPILER_GLOBAL_ACCENT_COLOR_NAME = AccentColor;
				CODE_SIGN_STYLE = Automatic;
				CURRENT_PROJECT_VERSION = 1;
				DEVELOPMENT_TEAM = 834C9GJ66P;
				GENERATE_INFOPLIST_FILE = YES;
				INFOPLIST_FILE = WhatToWatch/Info.plist;
				INFOPLIST_KEY_UIApplicationSupportsIndirectInputEvents = YES;
				INFOPLIST_KEY_UILaunchStoryboardName = LaunchScreen;
				INFOPLIST_KEY_UIMainStoryboardFile = Main;
				INFOPLIST_KEY_UISupportedInterfaceOrientations_iPad = "UIInterfaceOrientationPortrait UIInterfaceOrientationPortraitUpsideDown UIInterfaceOrientationLandscapeLeft UIInterfaceOrientationLandscapeRight";
				INFOPLIST_KEY_UISupportedInterfaceOrientations_iPhone = "UIInterfaceOrientationPortrait UIInterfaceOrientationLandscapeLeft UIInterfaceOrientationLandscapeRight";
				LD_RUNPATH_SEARCH_PATHS = (
					"$(inherited)",
					"@executable_path/Frameworks",
				);
				MARKETING_VERSION = 1.0;
				PRODUCT_BUNDLE_IDENTIFIER = ozan.WhatToWatch;
				PRODUCT_NAME = "$(TARGET_NAME)";
				SWIFT_EMIT_LOC_STRINGS = YES;
				SWIFT_VERSION = 5.0;
				TARGETED_DEVICE_FAMILY = "1,2";
			};
			name = Debug;
		};
		3F63D3A627D74BB9003F301F /* Release */ = {
			isa = XCBuildConfiguration;
			buildSettings = {
				ASSETCATALOG_COMPILER_APPICON_NAME = AppIcon;
				ASSETCATALOG_COMPILER_GLOBAL_ACCENT_COLOR_NAME = AccentColor;
				CODE_SIGN_STYLE = Automatic;
				CURRENT_PROJECT_VERSION = 1;
				DEVELOPMENT_TEAM = 834C9GJ66P;
				GENERATE_INFOPLIST_FILE = YES;
				INFOPLIST_FILE = WhatToWatch/Info.plist;
				INFOPLIST_KEY_UIApplicationSupportsIndirectInputEvents = YES;
				INFOPLIST_KEY_UILaunchStoryboardName = LaunchScreen;
				INFOPLIST_KEY_UIMainStoryboardFile = Main;
				INFOPLIST_KEY_UISupportedInterfaceOrientations_iPad = "UIInterfaceOrientationPortrait UIInterfaceOrientationPortraitUpsideDown UIInterfaceOrientationLandscapeLeft UIInterfaceOrientationLandscapeRight";
				INFOPLIST_KEY_UISupportedInterfaceOrientations_iPhone = "UIInterfaceOrientationPortrait UIInterfaceOrientationLandscapeLeft UIInterfaceOrientationLandscapeRight";
				LD_RUNPATH_SEARCH_PATHS = (
					"$(inherited)",
					"@executable_path/Frameworks",
				);
				MARKETING_VERSION = 1.0;
				PRODUCT_BUNDLE_IDENTIFIER = ozan.WhatToWatch;
				PRODUCT_NAME = "$(TARGET_NAME)";
				SWIFT_EMIT_LOC_STRINGS = YES;
				SWIFT_VERSION = 5.0;
				TARGETED_DEVICE_FAMILY = "1,2";
			};
			name = Release;
		};
/* End XCBuildConfiguration section */

/* Begin XCConfigurationList section */
		3F63D38B27D74BB8003F301F /* Build configuration list for PBXProject "WhatToWatch" */ = {
			isa = XCConfigurationList;
			buildConfigurations = (
				3F63D3A227D74BB9003F301F /* Debug */,
				3F63D3A327D74BB9003F301F /* Release */,
			);
			defaultConfigurationIsVisible = 0;
			defaultConfigurationName = Release;
		};
		3F63D3A427D74BB9003F301F /* Build configuration list for PBXNativeTarget "WhatToWatch" */ = {
			isa = XCConfigurationList;
			buildConfigurations = (
				3F63D3A527D74BB9003F301F /* Debug */,
				3F63D3A627D74BB9003F301F /* Release */,
			);
			defaultConfigurationIsVisible = 0;
			defaultConfigurationName = Release;
		};
/* End XCConfigurationList section */

/* Begin XCRemoteSwiftPackageReference section */
		3F63D3BF27D74CD7003F301F /* XCRemoteSwiftPackageReference "Kingfisher" */ = {
			isa = XCRemoteSwiftPackageReference;
			repositoryURL = "https://github.com/onevcat/Kingfisher";
			requirement = {
				branch = master;
				kind = branch;
			};
		};
/* End XCRemoteSwiftPackageReference section */

/* Begin XCSwiftPackageProductDependency section */
		3F63D3C027D74CD7003F301F /* Kingfisher */ = {
			isa = XCSwiftPackageProductDependency;
			package = 3F63D3BF27D74CD7003F301F /* XCRemoteSwiftPackageReference "Kingfisher" */;
			productName = Kingfisher;
		};
/* End XCSwiftPackageProductDependency section */
	};
	rootObject = 3F63D38827D74BB8003F301F /* Project object */;
}
